{
	"name": "yral-front-leptos",
	"lockfileVersion": 3,
	"requires": true,
	"packages": {
		"": {
			"devDependencies": {
				"tailwindcss": "^4.1.7"
			}
		},
		"node_modules/.pnpm/tailwindcss@4.1.7/node_modules/tailwindcss": {
			"version": "4.1.7",
			"dev": true,
			"license": "MIT",
			"devDependencies": {
				"@ampproject/remapping": "^2.3.0",
				"@tailwindcss/oxide": "^4.1.7",
				"@types/node": "^20.14.8",
				"dedent": "1.6.0",
				"lightningcss": "1.30.1",
				"magic-string": "^0.30.17",
				"source-map-js": "^1.2.1"
			}
		},
		"node_modules/@ampproject/remapping": {
			"version": "2.3.0",
			"dev": true,
			"license": "Apache-2.0",
			"dependencies": {
				"@jridgewell/gen-mapping": "^0.3.5",
				"@jridgewell/trace-mapping": "^0.3.24"
			},
			"engines": {
				"node": ">=6.0.0"
			}
		},
		"node_modules/@isaacs/fs-minipass": {
			"version": "4.0.1",
			"dev": true,
			"license": "ISC",
			"dependencies": {
				"minipass": "^7.0.4"
			},
			"engines": {
				"node": ">=18.0.0"
			}
		},
		"node_modules/@jridgewell/gen-mapping": {
			"version": "0.3.8",
			"dev": true,
			"license": "MIT",
			"dependencies": {
				"@jridgewell/set-array": "^1.2.1",
				"@jridgewell/sourcemap-codec": "^1.4.10",
				"@jridgewell/trace-mapping": "^0.3.24"
			},
			"engines": {
				"node": ">=6.0.0"
			}
		},
		"node_modules/@jridgewell/resolve-uri": {
			"version": "3.1.2",
			"dev": true,
			"license": "MIT",
			"engines": {
				"node": ">=6.0.0"
			}
		},
		"node_modules/@jridgewell/set-array": {
			"version": "1.2.1",
			"dev": true,
			"license": "MIT",
			"engines": {
				"node": ">=6.0.0"
			}
		},
		"node_modules/@jridgewell/sourcemap-codec": {
			"version": "1.5.0",
			"dev": true,
			"license": "MIT"
		},
		"node_modules/@jridgewell/trace-mapping": {
			"version": "0.3.25",
			"dev": true,
			"license": "MIT",
			"dependencies": {
				"@jridgewell/resolve-uri": "^3.1.0",
				"@jridgewell/sourcemap-codec": "^1.4.14"
			}
		},
		"node_modules/@tailwindcss/oxide": {
			"version": "4.1.7",
			"dev": true,
			"hasInstallScript": true,
			"license": "MIT",
			"dependencies": {
				"detect-libc": "^2.0.4",
				"tar": "^7.4.3"
			},
			"engines": {
				"node": ">= 10"
			},
			"optionalDependencies": {
				"@tailwindcss/oxide-android-arm64": "4.1.7",
				"@tailwindcss/oxide-darwin-arm64": "4.1.7",
				"@tailwindcss/oxide-darwin-x64": "4.1.7",
				"@tailwindcss/oxide-freebsd-x64": "4.1.7",
				"@tailwindcss/oxide-linux-arm-gnueabihf": "4.1.7",
				"@tailwindcss/oxide-linux-arm64-gnu": "4.1.7",
				"@tailwindcss/oxide-linux-arm64-musl": "4.1.7",
				"@tailwindcss/oxide-linux-x64-gnu": "4.1.7",
				"@tailwindcss/oxide-linux-x64-musl": "4.1.7",
				"@tailwindcss/oxide-wasm32-wasi": "4.1.7",
				"@tailwindcss/oxide-win32-arm64-msvc": "4.1.7",
				"@tailwindcss/oxide-win32-x64-msvc": "4.1.7"
			}
		},
		"node_modules/@tailwindcss/oxide-darwin-arm64": {
			"version": "4.1.7",
			"cpu": [
				"arm64"
			],
			"dev": true,
			"license": "MIT",
			"optional": true,
			"os": [
				"darwin"
			],
			"engines": {
				"node": ">= 10"
			}
		},
		"node_modules/@types/node": {
			"version": "20.17.51",
			"resolved": "https://registry.npmjs.org/@types/node/-/node-20.17.51.tgz",
			"integrity": "sha512-hccptBl7C8lHiKxTBsY6vYYmqpmw1E/aGR/8fmueE+B390L3pdMOpNSRvFO4ZnXzW5+p2HBXV0yNABd2vdk22Q==",
			"dev": true,
			"license": "MIT",
			"dependencies": {
				"undici-types": "~6.19.2"
			}
		},
		"node_modules/chownr": {
			"version": "3.0.0",
			"dev": true,
			"license": "BlueOak-1.0.0",
			"engines": {
				"node": ">=18"
			}
		},
		"node_modules/dedent": {
			"version": "1.6.0",
			"resolved": "https://registry.npmjs.org/dedent/-/dedent-1.6.0.tgz",
			"integrity": "sha512-F1Z+5UCFpmQUzJa11agbyPVMbpgT/qA3/SKyJ1jyBgm7dUcUEa8v9JwDkerSQXfakBwFljIxhOJqGkjUwZ9FSA==",
			"dev": true,
			"license": "MIT",
			"peerDependencies": {
				"babel-plugin-macros": "^3.1.0"
			},
			"peerDependenciesMeta": {
				"babel-plugin-macros": {
					"optional": true
				}
			}
		},
		"node_modules/detect-libc": {
			"version": "2.0.4",
			"dev": true,
			"license": "Apache-2.0",
			"engines": {
				"node": ">=8"
			}
		},
		"node_modules/lightningcss": {
			"version": "1.30.1",
			"dev": true,
			"license": "MPL-2.0",
			"dependencies": {
				"detect-libc": "^2.0.3"
			},
			"engines": {
				"node": ">= 12.0.0"
			},
			"funding": {
				"type": "opencollective",
				"url": "https://opencollective.com/parcel"
			},
			"optionalDependencies": {
				"lightningcss-darwin-arm64": "1.30.1",
				"lightningcss-darwin-x64": "1.30.1",
				"lightningcss-freebsd-x64": "1.30.1",
				"lightningcss-linux-arm-gnueabihf": "1.30.1",
				"lightningcss-linux-arm64-gnu": "1.30.1",
				"lightningcss-linux-arm64-musl": "1.30.1",
				"lightningcss-linux-x64-gnu": "1.30.1",
				"lightningcss-linux-x64-musl": "1.30.1",
				"lightningcss-win32-arm64-msvc": "1.30.1",
				"lightningcss-win32-x64-msvc": "1.30.1"
			}
		},
		"node_modules/lightningcss-darwin-arm64": {
			"version": "1.30.1",
			"cpu": [
				"arm64"
			],
			"dev": true,
			"license": "MPL-2.0",
			"optional": true,
			"os": [
				"darwin"
			],
			"engines": {
				"node": ">= 12.0.0"
			},
			"funding": {
				"type": "opencollective",
				"url": "https://opencollective.com/parcel"
			}
		},
		"node_modules/magic-string": {
			"version": "0.30.17",
			"dev": true,
			"license": "MIT",
			"dependencies": {
				"@jridgewell/sourcemap-codec": "^1.5.0"
			}
		},
		"node_modules/minipass": {
			"version": "7.1.2",
			"dev": true,
			"license": "ISC",
			"engines": {
				"node": ">=16 || 14 >=14.17"
			}
		},
		"node_modules/minizlib": {
			"version": "3.0.2",
			"dev": true,
			"license": "MIT",
			"dependencies": {
				"minipass": "^7.1.2"
			},
			"engines": {
				"node": ">= 18"
			}
		},
		"node_modules/mkdirp": {
			"version": "3.0.1",
			"dev": true,
			"license": "MIT",
			"bin": {
				"mkdirp": "dist/cjs/src/bin.js"
			},
			"engines": {
				"node": ">=10"
			},
			"funding": {
				"url": "https://github.com/sponsors/isaacs"
			}
		},
		"node_modules/source-map-js": {
			"version": "1.2.1",
			"dev": true,
			"license": "BSD-3-Clause",
			"engines": {
				"node": ">=0.10.0"
			}
		},
		"node_modules/tailwindcss": {
			"resolved": "node_modules/.pnpm/tailwindcss@4.1.7/node_modules/tailwindcss",
			"link": true
		},
		"node_modules/tar": {
			"version": "7.4.3",
			"dev": true,
			"license": "ISC",
			"dependencies": {
				"@isaacs/fs-minipass": "^4.0.0",
				"chownr": "^3.0.0",
				"minipass": "^7.1.2",
				"minizlib": "^3.0.1",
				"mkdirp": "^3.0.1",
				"yallist": "^5.0.0"
			},
			"engines": {
				"node": ">=18"
			}
		},
		"node_modules/undici-types": {
			"version": "6.19.8",
			"resolved": "https://registry.npmjs.org/undici-types/-/undici-types-6.19.8.tgz",
			"integrity": "sha512-ve2KP6f/JnbPBFyobGHuerC9g1FYGn/F8n1LWTwNxCEzd6IfqTwUQcNXgEtmmQ6DlRrC1hrSrBnCZPokRrDHjw==",
			"dev": true,
			"license": "MIT"
		},
		"node_modules/yallist": {
			"version": "5.0.0",
			"dev": true,
			"license": "BlueOak-1.0.0",
			"engines": {
				"node": ">=18"
			}
		}
	}
}
